{
  "object": {
    "pins": [
      {
        "package": "gsoc-swift-baggage-context",
        "repositoryURL": "https://github.com/slashmo/gsoc-swift-baggage-context",
        "state": {
          "branch": "main",
          "revision": "fbec85527ca50040cff3f159cead02c24f33e5b8",
          "version": null
        }
      },
      {
        "package": "swift-log",
        "repositoryURL": "https://github.com/apple/swift-log.git",
        "state": {
          "branch": null,
          "revision": "74d7b91ceebc85daf387ebb206003f78813f71aa",
          "version": "1.2.0"
        }
      },
      {
        "package": "swift-nio",
        "repositoryURL": "https://github.com/apple/swift-nio.git",
        "state": {
          "branch": null,
          "revision": "120acb15c39aa3217e9888e515de160378fbcc1e",
          "version": "2.18.0"
        }
      }
    ]
  },
  "version": 1
}
